
Microsoft Visual Studio Solution File, Format Version 12.00
# Visual Studio 15
VisualStudioVersion = 15.0.28307.421
MinimumVisualStudioVersion = 10.0.40219.1
Project("{FAE04EC0-301F-11D3-BF4B-00C04F79EFBC}") = "JSONPlaceholderSample.Android", "JSONPlaceholderSample\JSONPlaceholderSample.Android\JSONPlaceholderSample.Android.csproj", "{6012B526-3D3A-44EA-A01D-F65E8EDB6625}"
EndProject
Project("{FAE04EC0-301F-11D3-BF4B-00C04F79EFBC}") = "JSONPlaceholderSample.iOS", "JSONPlaceholderSample\JSONPlaceholderSample.iOS\JSONPlaceholderSample.iOS.csproj", "{48FCF5F3-2D2C-4AE6-A162-DF20DF1A37CA}"
EndProject
Project("{FAE04EC0-301F-11D3-BF4B-00C04F79EFBC}") = "JSONPlaceholderSample", "JSONPlaceholderSample\JSONPlaceholderSample\JSONPlaceholderSample.csproj", "{7DB4EEE9-FAF7-42F0-B801-A46F8465DDAF}"
EndProject
Global
	GlobalSection(SolutionConfigurationPlatforms) = preSolution
		Ad-Hoc|Any CPU = Ad-Hoc|Any CPU
		Ad-Hoc|iPhone = Ad-Hoc|iPhone
		Ad-Hoc|iPhoneSimulator = Ad-Hoc|iPhoneSimulator
		AppStore|Any CPU = AppStore|Any CPU
		AppStore|iPhone = AppStore|iPhone
		AppStore|iPhoneSimulator = AppStore|iPhoneSimulator
		Debug|Any CPU = Debug|Any CPU
		Debug|iPhone = Debug|iPhone
		Debug|iPhoneSimulator = Debug|iPhoneSimulator
		Release|Any CPU = Release|Any CPU
		Release|iPhone = Release|iPhone
		Release|iPhoneSimulator = Release|iPhoneSimulator
	EndGlobalSection
	GlobalSection(ProjectConfigurationPlatforms) = postSolution
		{6012B526-3D3A-44EA-A01D-F65E8EDB6625}.Ad-Hoc|Any CPU.ActiveCfg = Release|Any CPU
		{6012B526-3D3A-44EA-A01D-F65E8EDB6625}.Ad-Hoc|Any CPU.Build.0 = Release|Any CPU
		{6012B526-3D3A-44EA-A01D-F65E8EDB6625}.Ad-Hoc|Any CPU.Deploy.0 = Release|Any CPU
		{6012B526-3D3A-44EA-A01D-F65E8EDB6625}.Ad-Hoc|iPhone.ActiveCfg = Release|Any CPU
		{6012B526-3D3A-44EA-A01D-F65E8EDB6625}.Ad-Hoc|iPhone.Build.0 = Release|Any CPU
		{6012B526-3D3A-44EA-A01D-F65E8EDB6625}.Ad-Hoc|iPhone.Deploy.0 = Release|Any CPU
		{6012B526-3D3A-44EA-A01D-F65E8EDB6625}.Ad-Hoc|iPhoneSimulator.ActiveCfg = Release|Any CPU
		{6012B526-3D3A-44EA-A01D-F65E8EDB6625}.Ad-Hoc|iPhoneSimulator.Build.0 = Release|Any CPU
		{6012B526-3D3A-44EA-A01D-F65E8EDB6625}.Ad-Hoc|iPhoneSimulator.Deploy.0 = Release|Any CPU
		{6012B526-3D3A-44EA-A01D-F65E8EDB6625}.AppStore|Any CPU.ActiveCfg = Release|Any CPU
		{6012B526-3D3A-44EA-A01D-F65E8EDB6625}.AppStore|Any CPU.Build.0 = Release|Any CPU
		{6012B526-3D3A-44EA-A01D-F65E8EDB6625}.AppStore|Any CPU.Deploy.0 = Release|Any CPU
		{6012B526-3D3A-44EA-A01D-F65E8EDB6625}.AppStore|iPhone.ActiveCfg = Release|Any CPU
		{6012B526-3D3A-44EA-A01D-F65E8EDB6625}.AppStore|iPhone.Build.0 = Release|Any CPU
		{6012B526-3D3A-44EA-A01D-F65E8EDB6625}.AppStore|iPhone.Deploy.0 = Release|Any CPU
		{6012B526-3D3A-44EA-A01D-F65E8EDB6625}.AppStore|iPhoneSimulator.ActiveCfg = Release|Any CPU
		{6012B526-3D3A-44EA-A01D-F65E8EDB6625}.AppStore|iPhoneSimulator.Build.0 = Release|Any CPU
		{6012B526-3D3A-44EA-A01D-F65E8EDB6625}.AppStore|iPhoneSimulator.Deploy.0 = Release|Any CPU
		{6012B526-3D3A-44EA-A01D-F65E8EDB6625}.Debug|Any CPU.ActiveCfg = Debug|Any CPU
		{6012B526-3D3A-44EA-A01D-F65E8EDB6625}.Debug|Any CPU.Build.0 = Debug|Any CPU
		{6012B526-3D3A-44EA-A01D-F65E8EDB6625}.Debug|Any CPU.Deploy.0 = Debug|Any CPU
		{6012B526-3D3A-44EA-A01D-F65E8EDB6625}.Debug|iPhone.ActiveCfg = Debug|Any CPU
		{6012B526-3D3A-44EA-A01D-F65E8EDB6625}.Debug|iPhone.Build.0 = Debug|Any CPU
		{6012B526-3D3A-44EA-A01D-F65E8EDB6625}.Debug|iPhone.Deploy.0 = Debug|Any CPU
		{6012B526-3D3A-44EA-A01D-F65E8EDB6625}.Debug|iPhoneSimulator.ActiveCfg = Debug|Any CPU
		{6012B526-3D3A-44EA-A01D-F65E8EDB6625}.Debug|iPhoneSimulator.Build.0 = Debug|Any CPU
		{6012B526-3D3A-44EA-A01D-F65E8EDB6625}.Debug|iPhoneSimulator.Deploy.0 = Debug|Any CPU
		{6012B526-3D3A-44EA-A01D-F65E8EDB6625}.Release|Any CPU.ActiveCfg = Release|Any CPU
		{6012B526-3D3A-44EA-A01D-F65E8EDB6625}.Release|Any CPU.Build.0 = Release|Any CPU
		{6012B526-3D3A-44EA-A01D-F65E8EDB6625}.Release|Any CPU.Deploy.0 = Release|Any CPU
		{6012B526-3D3A-44EA-A01D-F65E8EDB6625}.Release|iPhone.ActiveCfg = Release|Any CPU
		{6012B526-3D3A-44EA-A01D-F65E8EDB6625}.Release|iPhone.Build.0 = Release|Any CPU
		{6012B526-3D3A-44EA-A01D-F65E8EDB6625}.Release|iPhone.Deploy.0 = Release|Any CPU
		{6012B526-3D3A-44EA-A01D-F65E8EDB6625}.Release|iPhoneSimulator.ActiveCfg = Release|Any CPU
		{6012B526-3D3A-44EA-A01D-F65E8EDB6625}.Release|iPhoneSimulator.Build.0 = Release|Any CPU
		{6012B526-3D3A-44EA-A01D-F65E8EDB6625}.Release|iPhoneSimulator.Deploy.0 = Release|Any CPU
		{48FCF5F3-2D2C-4AE6-A162-DF20DF1A37CA}.Ad-Hoc|Any CPU.ActiveCfg = Ad-Hoc|iPhone
		{48FCF5F3-2D2C-4AE6-A162-DF20DF1A37CA}.Ad-Hoc|Any CPU.Build.0 = Ad-Hoc|iPhone
		{48FCF5F3-2D2C-4AE6-A162-DF20DF1A37CA}.Ad-Hoc|Any CPU.Deploy.0 = Ad-Hoc|iPhone
		{48FCF5F3-2D2C-4AE6-A162-DF20DF1A37CA}.Ad-Hoc|iPhone.ActiveCfg = Ad-Hoc|iPhone
		{48FCF5F3-2D2C-4AE6-A162-DF20DF1A37CA}.Ad-Hoc|iPhone.Build.0 = Ad-Hoc|iPhone
		{48FCF5F3-2D2C-4AE6-A162-DF20DF1A37CA}.Ad-Hoc|iPhone.Deploy.0 = Ad-Hoc|iPhone
		{48FCF5F3-2D2C-4AE6-A162-DF20DF1A37CA}.Ad-Hoc|iPhoneSimulator.ActiveCfg = Ad-Hoc|iPhoneSimulator
		{48FCF5F3-2D2C-4AE6-A162-DF20DF1A37CA}.Ad-Hoc|iPhoneSimulator.Build.0 = Ad-Hoc|iPhoneSimulator
		{48FCF5F3-2D2C-4AE6-A162-DF20DF1A37CA}.Ad-Hoc|iPhoneSimulator.Deploy.0 = Ad-Hoc|iPhoneSimulator
		{48FCF5F3-2D2C-4AE6-A162-DF20DF1A37CA}.AppStore|Any CPU.ActiveCfg = AppStore|iPhone
		{48FCF5F3-2D2C-4AE6-A162-DF20DF1A37CA}.AppStore|Any CPU.Build.0 = AppStore|iPhone
		{48FCF5F3-2D2C-4AE6-A162-DF20DF1A37CA}.AppStore|Any CPU.Deploy.0 = AppStore|iPhone
		{48FCF5F3-2D2C-4AE6-A162-DF20DF1A37CA}.AppStore|iPhone.ActiveCfg = AppStore|iPhone
		{48FCF5F3-2D2C-4AE6-A162-DF20DF1A37CA}.AppStore|iPhone.Build.0 = AppStore|iPhone
		{48FCF5F3-2D2C-4AE6-A162-DF20DF1A37CA}.AppStore|iPhone.Deploy.0 = AppStore|iPhone
		{48FCF5F3-2D2C-4AE6-A162-DF20DF1A37CA}.AppStore|iPhoneSimulator.ActiveCfg = AppStore|iPhoneSimulator
		{48FCF5F3-2D2C-4AE6-A162-DF20DF1A37CA}.AppStore|iPhoneSimulator.Build.0 = AppStore|iPhoneSimulator
		{48FCF5F3-2D2C-4AE6-A162-DF20DF1A37CA}.AppStore|iPhoneSimulator.Deploy.0 = AppStore|iPhoneSimulator
		{48FCF5F3-2D2C-4AE6-A162-DF20DF1A37CA}.Debug|Any CPU.ActiveCfg = Debug|iPhoneSimulator
		{48FCF5F3-2D2C-4AE6-A162-DF20DF1A37CA}.Debug|Any CPU.Build.0 = Debug|iPhoneSimulator
		{48FCF5F3-2D2C-4AE6-A162-DF20DF1A37CA}.Debug|Any CPU.Deploy.0 = Debug|iPhoneSimulator
		{48FCF5F3-2D2C-4AE6-A162-DF20DF1A37CA}.Debug|iPhone.ActiveCfg = Debug|iPhone
		{48FCF5F3-2D2C-4AE6-A162-DF20DF1A37CA}.Debug|iPhone.Build.0 = Debug|iPhone
		{48FCF5F3-2D2C-4AE6-A162-DF20DF1A37CA}.Debug|iPhone.Deploy.0 = Debug|iPhone
		{48FCF5F3-2D2C-4AE6-A162-DF20DF1A37CA}.Debug|iPhoneSimulator.ActiveCfg = Debug|iPhoneSimulator
		{48FCF5F3-2D2C-4AE6-A162-DF20DF1A37CA}.Debug|iPhoneSimulator.Build.0 = Debug|iPhoneSimulator
		{48FCF5F3-2D2C-4AE6-A162-DF20DF1A37CA}.Debug|iPhoneSimulator.Deploy.0 = Debug|iPhoneSimulator
		{48FCF5F3-2D2C-4AE6-A162-DF20DF1A37CA}.Release|Any CPU.ActiveCfg = Release|iPhone
		{48FCF5F3-2D2C-4AE6-A162-DF20DF1A37CA}.Release|Any CPU.Build.0 = Release|iPhone
		{48FCF5F3-2D2C-4AE6-A162-DF20DF1A37CA}.Release|Any CPU.Deploy.0 = Release|iPhone
		{48FCF5F3-2D2C-4AE6-A162-DF20DF1A37CA}.Release|iPhone.ActiveCfg = Release|iPhone
		{48FCF5F3-2D2C-4AE6-A162-DF20DF1A37CA}.Release|iPhone.Build.0 = Release|iPhone
		{48FCF5F3-2D2C-4AE6-A162-DF20DF1A37CA}.Release|iPhone.Deploy.0 = Release|iPhone
		{48FCF5F3-2D2C-4AE6-A162-DF20DF1A37CA}.Release|iPhoneSimulator.ActiveCfg = Release|iPhoneSimulator
		{48FCF5F3-2D2C-4AE6-A162-DF20DF1A37CA}.Release|iPhoneSimulator.Build.0 = Release|iPhoneSimulator
		{48FCF5F3-2D2C-4AE6-A162-DF20DF1A37CA}.Release|iPhoneSimulator.Deploy.0 = Release|iPhoneSimulator
		{7DB4EEE9-FAF7-42F0-B801-A46F8465DDAF}.Ad-Hoc|Any CPU.ActiveCfg = Debug|Any CPU
		{7DB4EEE9-FAF7-42F0-B801-A46F8465DDAF}.Ad-Hoc|Any CPU.Build.0 = Debug|Any CPU
		{7DB4EEE9-FAF7-42F0-B801-A46F8465DDAF}.Ad-Hoc|Any CPU.Deploy.0 = Debug|Any CPU
		{7DB4EEE9-FAF7-42F0-B801-A46F8465DDAF}.Ad-Hoc|iPhone.ActiveCfg = Debug|Any CPU
		{7DB4EEE9-FAF7-42F0-B801-A46F8465DDAF}.Ad-Hoc|iPhone.Build.0 = Debug|Any CPU
		{7DB4EEE9-FAF7-42F0-B801-A46F8465DDAF}.Ad-Hoc|iPhone.Deploy.0 = Debug|Any CPU
		{7DB4EEE9-FAF7-42F0-B801-A46F8465DDAF}.Ad-Hoc|iPhoneSimulator.ActiveCfg = Debug|Any CPU
		{7DB4EEE9-FAF7-42F0-B801-A46F8465DDAF}.Ad-Hoc|iPhoneSimulator.Build.0 = Debug|Any CPU
		{7DB4EEE9-FAF7-42F0-B801-A46F8465DDAF}.Ad-Hoc|iPhoneSimulator.Deploy.0 = Debug|Any CPU
		{7DB4EEE9-FAF7-42F0-B801-A46F8465DDAF}.AppStore|Any CPU.ActiveCfg = Debug|Any CPU
		{7DB4EEE9-FAF7-42F0-B801-A46F8465DDAF}.AppStore|Any CPU.Build.0 = Debug|Any CPU
		{7DB4EEE9-FAF7-42F0-B801-A46F8465DDAF}.AppStore|Any CPU.Deploy.0 = Debug|Any CPU
		{7DB4EEE9-FAF7-42F0-B801-A46F8465DDAF}.AppStore|iPhone.ActiveCfg = Debug|Any CPU
		{7DB4EEE9-FAF7-42F0-B801-A46F8465DDAF}.AppStore|iPhone.Build.0 = Debug|Any CPU
		{7DB4EEE9-FAF7-42F0-B801-A46F8465DDAF}.AppStore|iPhone.Deploy.0 = Debug|Any CPU
		{7DB4EEE9-FAF7-42F0-B801-A46F8465DDAF}.AppStore|iPhoneSimulator.ActiveCfg = Debug|Any CPU
		{7DB4EEE9-FAF7-42F0-B801-A46F8465DDAF}.AppStore|iPhoneSimulator.Build.0 = Debug|Any CPU
		{7DB4EEE9-FAF7-42F0-B801-A46F8465DDAF}.AppStore|iPhoneSimulator.Deploy.0 = Debug|Any CPU
		{7DB4EEE9-FAF7-42F0-B801-A46F8465DDAF}.Debug|Any CPU.ActiveCfg = Debug|Any CPU
		{7DB4EEE9-FAF7-42F0-B801-A46F8465DDAF}.Debug|Any CPU.Build.0 = Debug|Any CPU
		{7DB4EEE9-FAF7-42F0-B801-A46F8465DDAF}.Debug|Any CPU.Deploy.0 = Debug|Any CPU
		{7DB4EEE9-FAF7-42F0-B801-A46F8465DDAF}.Debug|iPhone.ActiveCfg = Debug|Any CPU
		{7DB4EEE9-FAF7-42F0-B801-A46F8465DDAF}.Debug|iPhone.Build.0 = Debug|Any CPU
		{7DB4EEE9-FAF7-42F0-B801-A46F8465DDAF}.Debug|iPhone.Deploy.0 = Debug|Any CPU
		{7DB4EEE9-FAF7-42F0-B801-A46F8465DDAF}.Debug|iPhoneSimulator.ActiveCfg = Debug|Any CPU
		{7DB4EEE9-FAF7-42F0-B801-A46F8465DDAF}.Debug|iPhoneSimulator.Build.0 = Debug|Any CPU
		{7DB4EEE9-FAF7-42F0-B801-A46F8465DDAF}.Debug|iPhoneSimulator.Deploy.0 = Debug|Any CPU
		{7DB4EEE9-FAF7-42F0-B801-A46F8465DDAF}.Release|Any CPU.ActiveCfg = Release|Any CPU
		{7DB4EEE9-FAF7-42F0-B801-A46F8465DDAF}.Release|Any CPU.Build.0 = Release|Any CPU
		{7DB4EEE9-FAF7-42F0-B801-A46F8465DDAF}.Release|Any CPU.Deploy.0 = Release|Any CPU
		{7DB4EEE9-FAF7-42F0-B801-A46F8465DDAF}.Release|iPhone.ActiveCfg = Release|Any CPU
		{7DB4EEE9-FAF7-42F0-B801-A46F8465DDAF}.Release|iPhone.Build.0 = Release|Any CPU
		{7DB4EEE9-FAF7-42F0-B801-A46F8465DDAF}.Release|iPhone.Deploy.0 = Release|Any CPU
		{7DB4EEE9-FAF7-42F0-B801-A46F8465DDAF}.Release|iPhoneSimulator.ActiveCfg = Release|Any CPU
		{7DB4EEE9-FAF7-42F0-B801-A46F8465DDAF}.Release|iPhoneSimulator.Build.0 = Release|Any CPU
		{7DB4EEE9-FAF7-42F0-B801-A46F8465DDAF}.Release|iPhoneSimulator.Deploy.0 = Release|Any CPU
	EndGlobalSection
	GlobalSection(SolutionProperties) = preSolution
		HideSolutionNode = FALSE
	EndGlobalSection
	GlobalSection(ExtensibilityGlobals) = postSolution
		SolutionGuid = {6DB8EA7B-D5AB-4C12-BEB9-C99B1ED1043D}
	EndGlobalSection
EndGlobal
